{
  "nodes": {
    "cargo-dyndrv": {
      "inputs": {
        "nixpkgs": [
          "nixpkgs"
        ]
      },
      "locked": {
        "lastModified": 1787591147,
        "narHash": "sha256-6aCHcUtZYqoccS5CkqUxL9wiWc/cwYEOIxfQ6k+U8NY=",
        "owner": "obsidiansystems",
        "repo": "cargo-dyndrv",
        "rev": "dc7103df39078cffcb336f03d91e6bf98eb30900",
        "type": "github"
      },
      "original": {
        "owner": "obsidiansystems",
        "repo": "cargo-dyndrv",
        "type": "github"
      }
    },
    "nixpkgs": {
      "locked": {
        "lastModified": 1789006805,
        "narHash": "sha256-q+GdZ3yq4Y2LXHRK0vKTM32Hwy7RCgUgy+hjwZLI5pY=",
        "rev": "8ce4ef6cb6f871616146b9fe26d2a5ae594e94fe",
        "type": "tarball",
        "url": "https://releases.nixos.org/nixos/unstable/nixos-26.11pre1070770.8ce4ef6cb6f8/nixexprs.tar.xz"
      },
      "original": {
        "type": "tarball",
        "url": "https://channels.nixos.org/nixos-unstable/nixexprs.tar.xz"
      }
    },
    "root": {
      "inputs": {
        "cargo-dyndrv": "cargo-dyndrv",
        "nixpkgs": "nixpkgs"
      }
    }
  },
  "root": "root",
  "version": 7
}
